// !$*UTF8*$!
{
	archiveVersion = 1;
	classes = {
	};
	objectVersion = 48;
	objects = {

/* Begin PBXBuildFile section */
		04F9D3831FCCC735003915C9 /* AppDelegate.swift in Sources */ = {isa = PBXBuildFile; fileRef = 04F9D3821FCCC735003915C9 /* AppDelegate.swift */; };
		04F9D3851FCCC735003915C9 /* ViewController.swift in Sources */ = {isa = PBXBuildFile; fileRef = 04F9D3841FCCC735003915C9 /* ViewController.swift */; };
		04F9D3881FCCC735003915C9 /* Main.storyboard in Resources */ = {isa = PBXBuildFile; fileRef = 04F9D3861FCCC735003915C9 /* Main.storyboard */; };
		04F9D38A1FCCC735003915C9 /* Assets.xcassets in Resources */ = {isa = PBXBuildFile; fileRef = 04F9D3891FCCC735003915C9 /* Assets.xcassets */; };
		04F9D38D1FCCC735003915C9 /* LaunchScreen.storyboard in Resources */ = {isa = PBXBuildFile; fileRef = 04F9D38B1FCCC735003915C9 /* LaunchScreen.storyboard */; };
		04F9D3981FCCC735003915C9 /* PocketDemoTests.swift in Sources */ = {isa = PBXBuildFile; fileRef = 04F9D3971FCCC735003915C9 /* PocketDemoTests.swift */; };
		04F9D3A31FCCC735003915C9 /* PocketDemoUITests.swift in Sources */ = {isa = PBXBuildFile; fileRef = 04F9D3A21FCCC735003915C9 /* PocketDemoUITests.swift */; };
		04F9D3B71FCCCDFE003915C9 /* TransactionGetOperation.swift in Sources */ = {isa = PBXBuildFile; fileRef = 04F9D3B61FCCCDFE003915C9 /* TransactionGetOperation.swift */; };
		04F9D3B91FCCCE13003915C9 /* BaseOperation.swift in Sources */ = {isa = PBXBuildFile; fileRef = 04F9D3B81FCCCE13003915C9 /* BaseOperation.swift */; };
		04F9D3BB1FCCCE41003915C9 /* TransactionParseOperation.swift in Sources */ = {isa = PBXBuildFile; fileRef = 04F9D3BA1FCCCE41003915C9 /* TransactionParseOperation.swift */; };
		04F9D3BD1FCCCE5E003915C9 /* TransactionPostOperation.swift in Sources */ = {isa = PBXBuildFile; fileRef = 04F9D3BC1FCCCE5E003915C9 /* TransactionPostOperation.swift */; };
/* End PBXBuildFile section */

/* Begin PBXContainerItemProxy section */
		04F9D3941FCCC735003915C9 /* PBXContainerItemProxy */ = {
			isa = PBXContainerItemProxy;
			containerPortal = 04F9D3771FCCC735003915C9 /* Project object */;
			proxyType = 1;
			remoteGlobalIDString = 04F9D37E1FCCC735003915C9;
			remoteInfo = PocketDemo;
		};
		04F9D39F1FCCC735003915C9 /* PBXContainerItemProxy */ = {
			isa = PBXContainerItemProxy;
			containerPortal = 04F9D3771FCCC735003915C9 /* Project object */;
			proxyType = 1;
			remoteGlobalIDString = 04F9D37E1FCCC735003915C9;
			remoteInfo = PocketDemo;
		};
/* End PBXContainerItemProxy section */

/* Begin PBXFileReference section */
		04F9D37F1FCCC735003915C9 /* PocketDemo.app */ = {isa = PBXFileReference; explicitFileType = wrapper.application; includeInIndex = 0; path = PocketDemo.app; sourceTree = BUILT_PRODUCTS_DIR; };
		04F9D3821FCCC735003915C9 /* AppDelegate.swift */ = {isa = PBXFileReference; lastKnownFileType = sourcecode.swift; path = AppDelegate.swift; sourceTree = "<group>"; };
		04F9D3841FCCC735003915C9 /* ViewController.swift */ = {isa = PBXFileReference; lastKnownFileType = sourcecode.swift; path = ViewController.swift; sourceTree = "<group>"; };
		04F9D3871FCCC735003915C9 /* Base */ = {isa = PBXFileReference; lastKnownFileType = file.storyboard; name = Base; path = Base.lproj/Main.storyboard; sourceTree = "<group>"; };
		04F9D3891FCCC735003915C9 /* Assets.xcassets */ = {isa = PBXFileReference; lastKnownFileType = folder.assetcatalog; path = Assets.xcassets; sourceTree = "<group>"; };
		04F9D38C1FCCC735003915C9 /* Base */ = {isa = PBXFileReference; lastKnownFileType = file.storyboard; name = Base; path = Base.lproj/LaunchScreen.storyboard; sourceTree = "<group>"; };
		04F9D38E1FCCC735003915C9 /* Info.plist */ = {isa = PBXFileReference; lastKnownFileType = text.plist.xml; path = Info.plist; sourceTree = "<group>"; };
		04F9D3931FCCC735003915C9 /* PocketDemoTests.xctest */ = {isa = PBXFileReference; explicitFileType = wrapper.cfbundle; includeInIndex = 0; path = PocketDemoTests.xctest; sourceTree = BUILT_PRODUCTS_DIR; };
		04F9D3971FCCC735003915C9 /* PocketDemoTests.swift */ = {isa = PBXFileReference; lastKnownFileType = sourcecode.swift; path = PocketDemoTests.swift; sourceTree = "<group>"; };
		04F9D3991FCCC735003915C9 /* Info.plist */ = {isa = PBXFileReference; lastKnownFileType = text.plist.xml; path = Info.plist; sourceTree = "<group>"; };
		04F9D39E1FCCC735003915C9 /* PocketDemoUITests.xctest */ = {isa = PBXFileReference; explicitFileType = wrapper.cfbundle; includeInIndex = 0; path = PocketDemoUITests.xctest; sourceTree = BUILT_PRODUCTS_DIR; };
		04F9D3A21FCCC735003915C9 /* PocketDemoUITests.swift */ = {isa = PBXFileReference; lastKnownFileType = sourcecode.swift; path = PocketDemoUITests.swift; sourceTree = "<group>"; };
		04F9D3A41FCCC735003915C9 /* Info.plist */ = {isa = PBXFileReference; lastKnownFileType = text.plist.xml; path = Info.plist; sourceTree = "<group>"; };
		04F9D3B61FCCCDFE003915C9 /* TransactionGetOperation.swift */ = {isa = PBXFileReference; lastKnownFileType = sourcecode.swift; path = TransactionGetOperation.swift; sourceTree = "<group>"; };
		04F9D3B81FCCCE13003915C9 /* BaseOperation.swift */ = {isa = PBXFileReference; lastKnownFileType = sourcecode.swift; path = BaseOperation.swift; sourceTree = "<group>"; };
		04F9D3BA1FCCCE41003915C9 /* TransactionParseOperation.swift */ = {isa = PBXFileReference; lastKnownFileType = sourcecode.swift; path = TransactionParseOperation.swift; sourceTree = "<group>"; };
		04F9D3BC1FCCCE5E003915C9 /* TransactionPostOperation.swift */ = {isa = PBXFileReference; lastKnownFileType = sourcecode.swift; path = TransactionPostOperation.swift; sourceTree = "<group>"; };
/* End PBXFileReference section */

/* Begin PBXFrameworksBuildPhase section */
		04F9D37C1FCCC735003915C9 /* Frameworks */ = {
			isa = PBXFrameworksBuildPhase;
			buildActionMask = 2147483647;
			files = (
			);
			runOnlyForDeploymentPostprocessing = 0;
		};
		04F9D3901FCCC735003915C9 /* Frameworks */ = {
			isa = PBXFrameworksBuildPhase;
			buildActionMask = 2147483647;
			files = (
			);
			runOnlyForDeploymentPostprocessing = 0;
		};
		04F9D39B1FCCC735003915C9 /* Frameworks */ = {
			isa = PBXFrameworksBuildPhase;
			buildActionMask = 2147483647;
			files = (
			);
			runOnlyForDeploymentPostprocessing = 0;
		};
/* End PBXFrameworksBuildPhase section */

/* Begin PBXGroup section */
		04F9D3761FCCC735003915C9 = {
			isa = PBXGroup;
			children = (
				04F9D3811FCCC735003915C9 /* PocketDemo */,
				04F9D3961FCCC735003915C9 /* PocketDemoTests */,
				04F9D3A11FCCC735003915C9 /* PocketDemoUITests */,
				04F9D3801FCCC735003915C9 /* Products */,
			);
			sourceTree = "<group>";
		};
		04F9D3801FCCC735003915C9 /* Products */ = {
			isa = PBXGroup;
			children = (
				04F9D37F1FCCC735003915C9 /* PocketDemo.app */,
				04F9D3931FCCC735003915C9 /* PocketDemoTests.xctest */,
				04F9D39E1FCCC735003915C9 /* PocketDemoUITests.xctest */,
			);
			name = Products;
			sourceTree = "<group>";
		};
		04F9D3811FCCC735003915C9 /* PocketDemo */ = {
			isa = PBXGroup;
			children = (
				04F9D3B11FCCC912003915C9 /* DUBER */,
				04F9D3821FCCC735003915C9 /* AppDelegate.swift */,
				04F9D38E1FCCC735003915C9 /* Info.plist */,
			);
			path = PocketDemo;
			sourceTree = "<group>";
		};
		04F9D3961FCCC735003915C9 /* PocketDemoTests */ = {
			isa = PBXGroup;
			children = (
				04F9D3971FCCC735003915C9 /* PocketDemoTests.swift */,
				04F9D3991FCCC735003915C9 /* Info.plist */,
			);
			path = PocketDemoTests;
			sourceTree = "<group>";
		};
		04F9D3A11FCCC735003915C9 /* PocketDemoUITests */ = {
			isa = PBXGroup;
			children = (
				04F9D3A21FCCC735003915C9 /* PocketDemoUITests.swift */,
				04F9D3A41FCCC735003915C9 /* Info.plist */,
			);
			path = PocketDemoUITests;
			sourceTree = "<group>";
		};
		04F9D3B01FCCC8FE003915C9 /* ViewControllers */ = {
			isa = PBXGroup;
			children = (
				04F9D3841FCCC735003915C9 /* ViewController.swift */,
			);
			path = ViewControllers;
			sourceTree = "<group>";
		};
		04F9D3B11FCCC912003915C9 /* DUBER */ = {
			isa = PBXGroup;
			children = (
				04F9D3B51FCCCD4E003915C9 /* Services */,
				04F9D3B21FCCC920003915C9 /* Resources */,
				04F9D3B01FCCC8FE003915C9 /* ViewControllers */,
			);
			path = DUBER;
			sourceTree = "<group>";
		};
		04F9D3B21FCCC920003915C9 /* Resources */ = {
			isa = PBXGroup;
			children = (
				04F9D3B41FCCC93E003915C9 /* Images */,
				04F9D3B31FCCC934003915C9 /* Storyboards */,
			);
			path = Resources;
			sourceTree = "<group>";
		};
		04F9D3B31FCCC934003915C9 /* Storyboards */ = {
			isa = PBXGroup;
			children = (
				04F9D3861FCCC735003915C9 /* Main.storyboard */,
				04F9D38B1FCCC735003915C9 /* LaunchScreen.storyboard */,
			);
			path = Storyboards;
			sourceTree = "<group>";
		};
		04F9D3B41FCCC93E003915C9 /* Images */ = {
			isa = PBXGroup;
			children = (
				04F9D3891FCCC735003915C9 /* Assets.xcassets */,
			);
			path = Images;
			sourceTree = "<group>";
		};
		04F9D3B51FCCCD4E003915C9 /* Services */ = {
			isa = PBXGroup;
			children = (
				04F9D3B81FCCCE13003915C9 /* BaseOperation.swift */,
				04F9D3B61FCCCDFE003915C9 /* TransactionGetOperation.swift */,
				04F9D3BC1FCCCE5E003915C9 /* TransactionPostOperation.swift */,
				04F9D3BA1FCCCE41003915C9 /* TransactionParseOperation.swift */,
			);
			path = Services;
			sourceTree = "<group>";
		};
/* End PBXGroup section */

/* Begin PBXNativeTarget section */
		04F9D37E1FCCC735003915C9 /* PocketDemo */ = {
			isa = PBXNativeTarget;
			buildConfigurationList = 04F9D3A71FCCC735003915C9 /* Build configuration list for PBXNativeTarget "PocketDemo" */;
			buildPhases = (
				04F9D37B1FCCC735003915C9 /* Sources */,
				04F9D37C1FCCC735003915C9 /* Frameworks */,
				04F9D37D1FCCC735003915C9 /* Resources */,
			);
			buildRules = (
			);
			dependencies = (
			);
			name = PocketDemo;
			productName = PocketDemo;
			productReference = 04F9D37F1FCCC735003915C9 /* PocketDemo.app */;
			productType = "com.apple.product-type.application";
		};
		04F9D3921FCCC735003915C9 /* PocketDemoTests */ = {
			isa = PBXNativeTarget;
			buildConfigurationList = 04F9D3AA1FCCC735003915C9 /* Build configuration list for PBXNativeTarget "PocketDemoTests" */;
			buildPhases = (
				04F9D38F1FCCC735003915C9 /* Sources */,
				04F9D3901FCCC735003915C9 /* Frameworks */,
				04F9D3911FCCC735003915C9 /* Resources */,
			);
			buildRules = (
			);
			dependencies = (
				04F9D3951FCCC735003915C9 /* PBXTargetDependency */,
			);
			name = PocketDemoTests;
			productName = PocketDemoTests;
			productReference = 04F9D3931FCCC735003915C9 /* PocketDemoTests.xctest */;
			productType = "com.apple.product-type.bundle.unit-test";
		};
		04F9D39D1FCCC735003915C9 /* PocketDemoUITests */ = {
			isa = PBXNativeTarget;
			buildConfigurationList = 04F9D3AD1FCCC735003915C9 /* Build configuration list for PBXNativeTarget "PocketDemoUITests" */;
			buildPhases = (
				04F9D39A1FCCC735003915C9 /* Sources */,
				04F9D39B1FCCC735003915C9 /* Frameworks */,
				04F9D39C1FCCC735003915C9 /* Resources */,
			);
			buildRules = (
			);
			dependencies = (
				04F9D3A01FCCC735003915C9 /* PBXTargetDependency */,
			);
			name = PocketDemoUITests;
			productName = PocketDemoUITests;
			productReference = 04F9D39E1FCCC735003915C9 /* PocketDemoUITests.xctest */;
			productType = "com.apple.product-type.bundle.ui-testing";
		};
/* End PBXNativeTarget section */

/* Begin PBXProject section */
		04F9D3771FCCC735003915C9 /* Project object */ = {
			isa = PBXProject;
			attributes = {
				LastSwiftUpdateCheck = 0910;
				LastUpgradeCheck = 0910;
				ORGANIZATIONNAME = "Pabel Nunez Landestoy";
				TargetAttributes = {
					04F9D37E1FCCC735003915C9 = {
						CreatedOnToolsVersion = 9.1;
						ProvisioningStyle = Automatic;
					};
					04F9D3921FCCC735003915C9 = {
						CreatedOnToolsVersion = 9.1;
						ProvisioningStyle = Automatic;
						TestTargetID = 04F9D37E1FCCC735003915C9;
					};
					04F9D39D1FCCC735003915C9 = {
						CreatedOnToolsVersion = 9.1;
						ProvisioningStyle = Automatic;
						TestTargetID = 04F9D37E1FCCC735003915C9;
					};
				};
			};
			buildConfigurationList = 04F9D37A1FCCC735003915C9 /* Build configuration list for PBXProject "PocketDemo" */;
			compatibilityVersion = "Xcode 8.0";
			developmentRegion = en;
			hasScannedForEncodings = 0;
			knownRegions = (
				en,
				Base,
			);
			mainGroup = 04F9D3761FCCC735003915C9;
			productRefGroup = 04F9D3801FCCC735003915C9 /* Products */;
			projectDirPath = "";
			projectRoot = "";
			targets = (
				04F9D37E1FCCC735003915C9 /* PocketDemo */,
				04F9D3921FCCC735003915C9 /* PocketDemoTests */,
				04F9D39D1FCCC735003915C9 /* PocketDemoUITests */,
			);
		};
/* End PBXProject section */

/* Begin PBXResourcesBuildPhase section */
		04F9D37D1FCCC735003915C9 /* Resources */ = {
			isa = PBXResourcesBuildPhase;
			buildActionMask = 2147483647;
			files = (
				04F9D38D1FCCC735003915C9 /* LaunchScreen.storyboard in Resources */,
				04F9D38A1FCCC735003915C9 /* Assets.xcassets in Resources */,
				04F9D3881FCCC735003915C9 /* Main.storyboard in Resources */,
			);
			runOnlyForDeploymentPostprocessing = 0;
		};
		04F9D3911FCCC735003915C9 /* Resources */ = {
			isa = PBXResourcesBuildPhase;
			buildActionMask = 2147483647;
			files = (
			);
			runOnlyForDeploymentPostprocessing = 0;
		};
		04F9D39C1FCCC735003915C9 /* Resources */ = {
			isa = PBXResourcesBuildPhase;
			buildActionMask = 2147483647;
			files = (
			);
			runOnlyForDeploymentPostprocessing = 0;
		};
/* End PBXResourcesBuildPhase section */

/* Begin PBXSourcesBuildPhase section */
		04F9D37B1FCCC735003915C9 /* Sources */ = {
			isa = PBXSourcesBuildPhase;
			buildActionMask = 2147483647;
			files = (
				04F9D3BB1FCCCE41003915C9 /* TransactionParseOperation.swift in Sources */,
				04F9D3B71FCCCDFE003915C9 /* TransactionGetOperation.swift in Sources */,
				04F9D3851FCCC735003915C9 /* ViewController.swift in Sources */,
				04F9D3B91FCCCE13003915C9 /* BaseOperation.swift in Sources */,
				04F9D3BD1FCCCE5E003915C9 /* TransactionPostOperation.swift in Sources */,
				04F9D3831FCCC735003915C9 /* AppDelegate.swift in Sources */,
			);
			runOnlyForDeploymentPostprocessing = 0;
		};
		04F9D38F1FCCC735003915C9 /* Sources */ = {
			isa = PBXSourcesBuildPhase;
			buildActionMask = 2147483647;
			files = (
				04F9D3981FCCC735003915C9 /* PocketDemoTests.swift in Sources */,
			);
			runOnlyForDeploymentPostprocessing = 0;
		};
		04F9D39A1FCCC735003915C9 /* Sources */ = {
			isa = PBXSourcesBuildPhase;
			buildActionMask = 2147483647;
			files = (
				04F9D3A31FCCC735003915C9 /* PocketDemoUITests.swift in Sources */,
			);
			runOnlyForDeploymentPostprocessing = 0;
		};
/* End PBXSourcesBuildPhase section */

/* Begin PBXTargetDependency section */
		04F9D3951FCCC735003915C9 /* PBXTargetDependency */ = {
			isa = PBXTargetDependency;
			target = 04F9D37E1FCCC735003915C9 /* PocketDemo */;
			targetProxy = 04F9D3941FCCC735003915C9 /* PBXContainerItemProxy */;
		};
		04F9D3A01FCCC735003915C9 /* PBXTargetDependency */ = {
			isa = PBXTargetDependency;
			target = 04F9D37E1FCCC735003915C9 /* PocketDemo */;
			targetProxy = 04F9D39F1FCCC735003915C9 /* PBXContainerItemProxy */;
		};
/* End PBXTargetDependency section */

/* Begin PBXVariantGroup section */
		04F9D3861FCCC735003915C9 /* Main.storyboard */ = {
			isa = PBXVariantGroup;
			children = (
				04F9D3871FCCC735003915C9 /* Base */,
			);
			name = Main.storyboard;
			sourceTree = "<group>";
		};
		04F9D38B1FCCC735003915C9 /* LaunchScreen.storyboard */ = {
			isa = PBXVariantGroup;
			children = (
				04F9D38C1FCCC735003915C9 /* Base */,
			);
			name = LaunchScreen.storyboard;
			sourceTree = "<group>";
		};
/* End PBXVariantGroup section */

/* Begin XCBuildConfiguration section */
		04F9D3A51FCCC735003915C9 /* Debug */ = {
			isa = XCBuildConfiguration;
			buildSettings = {
				ALWAYS_SEARCH_USER_PATHS = NO;
				CLANG_ANALYZER_NONNULL = YES;
				CLANG_ANALYZER_NUMBER_OBJECT_CONVERSION = YES_AGGRESSIVE;
				CLANG_CXX_LANGUAGE_STANDARD = "gnu++14";
				CLANG_CXX_LIBRARY = "libc++";
				CLANG_ENABLE_MODULES = YES;
				CLANG_ENABLE_OBJC_ARC = YES;
				CLANG_WARN_BLOCK_CAPTURE_AUTORELEASING = YES;
				CLANG_WARN_BOOL_CONVERSION = YES;
				CLANG_WARN_COMMA = YES;
				CLANG_WARN_CONSTANT_CONVERSION = YES;
				CLANG_WARN_DIRECT_OBJC_ISA_USAGE = YES_ERROR;
				CLANG_WARN_DOCUMENTATION_COMMENTS = YES;
				CLANG_WARN_EMPTY_BODY = YES;
				CLANG_WARN_ENUM_CONVERSION = YES;
				CLANG_WARN_INFINITE_RECURSION = YES;
				CLANG_WARN_INT_CONVERSION = YES;
				CLANG_WARN_NON_LITERAL_NULL_CONVERSION = YES;
				CLANG_WARN_OBJC_LITERAL_CONVERSION = YES;
				CLANG_WARN_OBJC_ROOT_CLASS = YES_ERROR;
				CLANG_WARN_RANGE_LOOP_ANALYSIS = YES;
				CLANG_WARN_STRICT_PROTOTYPES = YES;
				CLANG_WARN_SUSPICIOUS_MOVE = YES;
				CLANG_WARN_UNGUARDED_AVAILABILITY = YES_AGGRESSIVE;
				CLANG_WARN_UNREACHABLE_CODE = YES;
				CLANG_WARN__DUPLICATE_METHOD_MATCH = YES;
				CODE_SIGN_IDENTITY = "iPhone Developer";
				COPY_PHASE_STRIP = NO;
				DEBUG_INFORMATION_FORMAT = dwarf;
				ENABLE_STRICT_OBJC_MSGSEND = YES;
				ENABLE_TESTABILITY = YES;
				GCC_C_LANGUAGE_STANDARD = gnu11;
				GCC_DYNAMIC_NO_PIC = NO;
				GCC_NO_COMMON_BLOCKS = YES;
				GCC_OPTIMIZATION_LEVEL = 0;
				GCC_PREPROCESSOR_DEFINITIONS = (
					"DEBUG=1",
					"$(inherited)",
				);
				GCC_WARN_64_TO_32_BIT_CONVERSION = YES;
				GCC_WARN_ABOUT_RETURN_TYPE = YES_ERROR;
				GCC_WARN_UNDECLARED_SELECTOR = YES;
				GCC_WARN_UNINITIALIZED_AUTOS = YES_AGGRESSIVE;
				GCC_WARN_UNUSED_FUNCTION = YES;
				GCC_WARN_UNUSED_VARIABLE = YES;
				IPHONEOS_DEPLOYMENT_TARGET = 10.0;
				MTL_ENABLE_DEBUG_INFO = YES;
				ONLY_ACTIVE_ARCH = YES;
				SDKROOT = iphoneos;
				SWIFT_ACTIVE_COMPILATION_CONDITIONS = DEBUG;
				SWIFT_OPTIMIZATION_LEVEL = "-Onone";
			};
			name = Debug;
		};
		04F9D3A61FCCC735003915C9 /* Release */ = {
			isa = XCBuildConfiguration;
			buildSettings = {
				ALWAYS_SEARCH_USER_PATHS = NO;
				CLANG_ANALYZER_NONNULL = YES;
				CLANG_ANALYZER_NUMBER_OBJECT_CONVERSION = YES_AGGRESSIVE;
				CLANG_CXX_LANGUAGE_STANDARD = "gnu++14";
				CLANG_CXX_LIBRARY = "libc++";
				CLANG_ENABLE_MODULES = YES;
				CLANG_ENABLE_OBJC_ARC = YES;
				CLANG_WARN_BLOCK_CAPTURE_AUTORELEASING = YES;
				CLANG_WARN_BOOL_CONVERSION = YES;
				CLANG_WARN_COMMA = YES;
				CLANG_WARN_CONSTANT_CONVERSION = YES;
				CLANG_WARN_DIRECT_OBJC_ISA_USAGE = YES_ERROR;
				CLANG_WARN_DOCUMENTATION_COMMENTS = YES;
				CLANG_WARN_EMPTY_BODY = YES;
				CLANG_WARN_ENUM_CONVERSION = YES;
				CLANG_WARN_INFINITE_RECURSION = YES;
				CLANG_WARN_INT_CONVERSION = YES;
				CLANG_WARN_NON_LITERAL_NULL_CONVERSION = YES;
				CLANG_WARN_OBJC_LITERAL_CONVERSION = YES;
				CLANG_WARN_OBJC_ROOT_CLASS = YES_ERROR;
				CLANG_WARN_RANGE_LOOP_ANALYSIS = YES;
				CLANG_WARN_STRICT_PROTOTYPES = YES;
				CLANG_WARN_SUSPICIOUS_MOVE = YES;
				CLANG_WARN_UNGUARDED_AVAILABILITY = YES_AGGRESSIVE;
				CLANG_WARN_UNREACHABLE_CODE = YES;
				CLANG_WARN__DUPLICATE_METHOD_MATCH = YES;
				CODE_SIGN_IDENTITY = "iPhone Developer";
				COPY_PHASE_STRIP = NO;
				DEBUG_INFORMATION_FORMAT = "dwarf-with-dsym";
				ENABLE_NS_ASSERTIONS = NO;
				ENABLE_STRICT_OBJC_MSGSEND = YES;
				GCC_C_LANGUAGE_STANDARD = gnu11;
				GCC_NO_COMMON_BLOCKS = YES;
				GCC_WARN_64_TO_32_BIT_CONVERSION = YES;
				GCC_WARN_ABOUT_RETURN_TYPE = YES_ERROR;
				GCC_WARN_UNDECLARED_SELECTOR = YES;
				GCC_WARN_UNINITIALIZED_AUTOS = YES_AGGRESSIVE;
				GCC_WARN_UNUSED_FUNCTION = YES;
				GCC_WARN_UNUSED_VARIABLE = YES;
				IPHONEOS_DEPLOYMENT_TARGET = 10.0;
				MTL_ENABLE_DEBUG_INFO = NO;
				SDKROOT = iphoneos;
				SWIFT_OPTIMIZATION_LEVEL = "-Owholemodule";
				VALIDATE_PRODUCT = YES;
			};
			name = Release;
		};
		04F9D3A81FCCC735003915C9 /* Debug */ = {
			isa = XCBuildConfiguration;
			buildSettings = {
				ASSETCATALOG_COMPILER_APPICON_NAME = AppIcon;
				CODE_SIGN_STYLE = Automatic;
				DEVELOPMENT_TEAM = 379F9842K2;
				INFOPLIST_FILE = PocketDemo/Info.plist;
				LD_RUNPATH_SEARCH_PATHS = "$(inherited) @executable_path/Frameworks";
				PRODUCT_BUNDLE_IDENTIFIER = PocketNetwork.PocketDemo;
				PRODUCT_NAME = "$(TARGET_NAME)";
				SWIFT_VERSION = 4.0;
				TARGETED_DEVICE_FAMILY = 1;
			};
			name = Debug;
		};
		04F9D3A91FCCC735003915C9 /* Release */ = {
			isa = XCBuildConfiguration;
			buildSettings = {
				ASSETCATALOG_COMPILER_APPICON_NAME = AppIcon;
				CODE_SIGN_STYLE = Automatic;
				DEVELOPMENT_TEAM = 379F9842K2;
				INFOPLIST_FILE = PocketDemo/Info.plist;
				LD_RUNPATH_SEARCH_PATHS = "$(inherited) @executable_path/Frameworks";
				PRODUCT_BUNDLE_IDENTIFIER = PocketNetwork.PocketDemo;
				PRODUCT_NAME = "$(TARGET_NAME)";
				SWIFT_VERSION = 4.0;
				TARGETED_DEVICE_FAMILY = 1;
			};
			name = Release;
		};
		04F9D3AB1FCCC735003915C9 /* Debug */ = {
			isa = XCBuildConfiguration;
			buildSettings = {
				ALWAYS_EMBED_SWIFT_STANDARD_LIBRARIES = YES;
				BUNDLE_LOADER = "$(TEST_HOST)";
				CODE_SIGN_STYLE = Automatic;
				DEVELOPMENT_TEAM = CNCUVC9ZYR;
				INFOPLIST_FILE = PocketDemoTests/Info.plist;
				LD_RUNPATH_SEARCH_PATHS = "$(inherited) @executable_path/Frameworks @loader_path/Frameworks";
				PRODUCT_BUNDLE_IDENTIFIER = PocketNetwork.PocketDemoTests;
				PRODUCT_NAME = "$(TARGET_NAME)";
				SWIFT_VERSION = 4.0;
				TARGETED_DEVICE_FAMILY = "1,2";
				TEST_HOST = "$(BUILT_PRODUCTS_DIR)/PocketDemo.app/PocketDemo";
			};
			name = Debug;
		};
		04F9D3AC1FCCC735003915C9 /* Release */ = {
			isa = XCBuildConfiguration;
			buildSettings = {
				ALWAYS_EMBED_SWIFT_STANDARD_LIBRARIES = YES;
				BUNDLE_LOADER = "$(TEST_HOST)";
				CODE_SIGN_STYLE = Automatic;
				DEVELOPMENT_TEAM = CNCUVC9ZYR;
				INFOPLIST_FILE = PocketDemoTests/Info.plist;
				LD_RUNPATH_SEARCH_PATHS = "$(inherited) @executable_path/Frameworks @loader_path/Frameworks";
				PRODUCT_BUNDLE_IDENTIFIER = PocketNetwork.PocketDemoTests;
				PRODUCT_NAME = "$(TARGET_NAME)";
				SWIFT_VERSION = 4.0;
				TARGETED_DEVICE_FAMILY = "1,2";
				TEST_HOST = "$(BUILT_PRODUCTS_DIR)/PocketDemo.app/PocketDemo";
			};
			name = Release;
		};
		04F9D3AE1FCCC735003915C9 /* Debug */ = {
			isa = XCBuildConfiguration;
			buildSettings = {
				ALWAYS_EMBED_SWIFT_STANDARD_LIBRARIES = YES;
				CODE_SIGN_STYLE = Automatic;
				DEVELOPMENT_TEAM = CNCUVC9ZYR;
				INFOPLIST_FILE = PocketDemoUITests/Info.plist;
				LD_RUNPATH_SEARCH_PATHS = "$(inherited) @executable_path/Frameworks @loader_path/Frameworks";
				PRODUCT_BUNDLE_IDENTIFIER = PocketNetwork.PocketDemoUITests;
				PRODUCT_NAME = "$(TARGET_NAME)";
				SWIFT_VERSION = 4.0;
				TARGETED_DEVICE_FAMILY = "1,2";
				TEST_TARGET_NAME = PocketDemo;
			};
			name = Debug;
		};
		04F9D3AF1FCCC735003915C9 /* Release */ = {
			isa = XCBuildConfiguration;
			buildSettings = {
				ALWAYS_EMBED_SWIFT_STANDARD_LIBRARIES = YES;
				CODE_SIGN_STYLE = Automatic;
				DEVELOPMENT_TEAM = CNCUVC9ZYR;
				INFOPLIST_FILE = PocketDemoUITests/Info.plist;
				LD_RUNPATH_SEARCH_PATHS = "$(inherited) @executable_path/Frameworks @loader_path/Frameworks";
				PRODUCT_BUNDLE_IDENTIFIER = PocketNetwork.PocketDemoUITests;
				PRODUCT_NAME = "$(TARGET_NAME)";
				SWIFT_VERSION = 4.0;
				TARGETED_DEVICE_FAMILY = "1,2";
				TEST_TARGET_NAME = PocketDemo;
			};
			name = Release;
		};
/* End XCBuildConfiguration section */

/* Begin XCConfigurationList section */
		04F9D37A1FCCC735003915C9 /* Build configuration list for PBXProject "PocketDemo" */ = {
			isa = XCConfigurationList;
			buildConfigurations = (
				04F9D3A51FCCC735003915C9 /* Debug */,
				04F9D3A61FCCC735003915C9 /* Release */,
			);
			defaultConfigurationIsVisible = 0;
			defaultConfigurationName = Release;
		};
		04F9D3A71FCCC735003915C9 /* Build configuration list for PBXNativeTarget "PocketDemo" */ = {
			isa = XCConfigurationList;
			buildConfigurations = (
				04F9D3A81FCCC735003915C9 /* Debug */,
				04F9D3A91FCCC735003915C9 /* Release */,
			);
			defaultConfigurationIsVisible = 0;
			defaultConfigurationName = Release;
		};
		04F9D3AA1FCCC735003915C9 /* Build configuration list for PBXNativeTarget "PocketDemoTests" */ = {
			isa = XCConfigurationList;
			buildConfigurations = (
				04F9D3AB1FCCC735003915C9 /* Debug */,
				04F9D3AC1FCCC735003915C9 /* Release */,
			);
			defaultConfigurationIsVisible = 0;
			defaultConfigurationName = Release;
		};
		04F9D3AD1FCCC735003915C9 /* Build configuration list for PBXNativeTarget "PocketDemoUITests" */ = {
			isa = XCConfigurationList;
			buildConfigurations = (
				04F9D3AE1FCCC735003915C9 /* Debug */,
				04F9D3AF1FCCC735003915C9 /* Release */,
			);
			defaultConfigurationIsVisible = 0;
			defaultConfigurationName = Release;
		};
/* End XCConfigurationList section */
	};
	rootObject = 04F9D3771FCCC735003915C9 /* Project object */;
}
